
Microsoft Visual Studio Solution File, Format Version 12.00
Project("{FAE04EC0-301F-11D3-BF4B-00C04F79EFBC}") = "Paperless.Api", "Paperless.Api\Paperless.Api.csproj", "{1D91A36F-CC50-461F-924A-A5C18E66FF6D}"
EndProject
Global
	GlobalSection(SolutionConfigurationPlatforms) = preSolution
		Debug|Any CPU = Debug|Any CPU
		Release|Any CPU = Release|Any CPU
	EndGlobalSection
	GlobalSection(ProjectConfigurationPlatforms) = postSolution
		{1D91A36F-CC50-461F-924A-A5C18E66FF6D}.Debug|Any CPU.ActiveCfg = Debug|Any CPU
		{1D91A36F-CC50-461F-924A-A5C18E66FF6D}.Debug|Any CPU.Build.0 = Debug|Any CPU
		{1D91A36F-CC50-461F-924A-A5C18E66FF6D}.Release|Any CPU.ActiveCfg = Release|Any CPU
		{1D91A36F-CC50-461F-924A-A5C18E66FF6D}.Release|Any CPU.Build.0 = Release|Any CPU
	EndGlobalSection
EndGlobal
